
Microsoft Visual Studio Solution File, Format Version 12.00
# Visual Studio Version 17
VisualStudioVersion = 17.8.34330.188
MinimumVisualStudioVersion = 10.0.40219.1
Project("{FAE04EC0-301F-11D3-BF4B-00C04F79EFBC}") = "HelloWorld", "HelloWorld\HelloWorld.csproj", "{80150C05-FB59-4D6F-B149-BF1C0A8AA444}"
EndProject
Global
	GlobalSection(SolutionConfigurationPlatforms) = preSolution
		Debug|Any CPU = Debug|Any CPU
		Release|Any CPU = Release|Any CPU
	EndGlobalSection
	GlobalSection(ProjectConfigurationPlatforms) = postSolution
		{80150C05-FB59-4D6F-B149-BF1C0A8AA444}.Debug|Any CPU.ActiveCfg = Debug|Any CPU
		{80150C05-FB59-4D6F-B149-BF1C0A8AA444}.Debug|Any CPU.Build.0 = Debug|Any CPU
		{80150C05-FB59-4D6F-B149-BF1C0A8AA444}.Release|Any CPU.ActiveCfg = Release|Any CPU
		{80150C05-FB59-4D6F-B149-BF1C0A8AA444}.Release|Any CPU.Build.0 = Release|Any CPU
	EndGlobalSection
	GlobalSection(SolutionProperties) = preSolution
		HideSolutionNode = FALSE
	EndGlobalSection
	GlobalSection(ExtensibilityGlobals) = postSolution
		SolutionGuid = {48E7ABDA-4023-49E2-BEB1-5D2B7799F308}
	EndGlobalSection
EndGlobal
